
Microsoft Visual Studio Solution File, Format Version 12.00
# Visual Studio 15
VisualStudioVersion = 15.0.28307.271
MinimumVisualStudioVersion = 10.0.40219.1
Project("{888888A0-9F3D-457C-B088-3A5042F75D52}") = "FlaskWebProject1", "FlaskWebProject1\FlaskWebProject1.pyproj", "{579EC726-5A3F-4329-8F68-F2D7BC9E22BA}"
EndProject
Global
	GlobalSection(SolutionConfigurationPlatforms) = preSolution
		Debug|Any CPU = Debug|Any CPU
		Release|Any CPU = Release|Any CPU
	EndGlobalSection
	GlobalSection(ProjectConfigurationPlatforms) = postSolution
		{579EC726-5A3F-4329-8F68-F2D7BC9E22BA}.Debug|Any CPU.ActiveCfg = Debug|Any CPU
		{579EC726-5A3F-4329-8F68-F2D7BC9E22BA}.Debug|Any CPU.Build.0 = Debug|Any CPU
		{579EC726-5A3F-4329-8F68-F2D7BC9E22BA}.Release|Any CPU.ActiveCfg = Release|Any CPU
		{579EC726-5A3F-4329-8F68-F2D7BC9E22BA}.Release|Any CPU.Build.0 = Release|Any CPU
	EndGlobalSection
	GlobalSection(SolutionProperties) = preSolution
		HideSolutionNode = FALSE
	EndGlobalSection
	GlobalSection(ExtensibilityGlobals) = postSolution
		SolutionGuid = {E71E6EA0-54B1-4A9A-8905-5A77C7259959}
	EndGlobalSection
EndGlobal
